// !$*UTF8*$!
{
	archiveVersion = 1;
	classes = {
	};
	objectVersion = 77;
	objects = {

/* Begin PBXContainerItemProxy section */
		5E05500F2E77FAEA0062CBE7 /* PBXContainerItemProxy */ = {
			isa = PBXContainerItemProxy;
			containerPortal = 5E054FF92E77FAE90062CBE7 /* Project object */;
			proxyType = 1;
			remoteGlobalIDString = 5E0550002E77FAE90062CBE7;
			remoteInfo = Winkkk;
		};
		5E0550192E77FAEA0062CBE7 /* PBXContainerItemProxy */ = {
			isa = PBXContainerItemProxy;
			containerPortal = 5E054FF92E77FAE90062CBE7 /* Project object */;
			proxyType = 1;
			remoteGlobalIDString = 5E0550002E77FAE90062CBE7;
			remoteInfo = Winkkk;
		};
/* End PBXContainerItemProxy section */

/* Begin PBXFileReference section */
		5E0550012E77FAE90062CBE7 /* Winkkk.app */ = {isa = PBXFileReference; explicitFileType = wrapper.application; includeInIndex = 0; path = Winkkk.app; sourceTree = BUILT_PRODUCTS_DIR; };
		5E05500E2E77FAEA0062CBE7 /* WinkkkTests.xctest */ = {isa = PBXFileReference; explicitFileType = wrapper.cfbundle; includeInIndex = 0; path = WinkkkTests.xctest; sourceTree = BUILT_PRODUCTS_DIR; };
		5E0550182E77FAEA0062CBE7 /* WinkkkUITests.xctest */ = {isa = PBXFileReference; explicitFileType = wrapper.cfbundle; includeInIndex = 0; path = WinkkkUITests.xctest; sourceTree = BUILT_PRODUCTS_DIR; };
/* End PBXFileReference section */

/* Begin PBXFileSystemSynchronizedBuildFileExceptionSet section */
		5E0550692E7814CA0062CBE7 /* Exceptions for "Winkkk" folder in "Winkkk" target */ = {
			isa = PBXFileSystemSynchronizedBuildFileExceptionSet;
			membershipExceptions = (
				Info.plist,
			);
			target = 5E0550002E77FAE90062CBE7 /* Winkkk */;
		};
/* End PBXFileSystemSynchronizedBuildFileExceptionSet section */

/* Begin PBXFileSystemSynchronizedRootGroup section */
		5E0550032E77FAE90062CBE7 /* Winkkk */ = {
			isa = PBXFileSystemSynchronizedRootGroup;
			exceptions = (
				5E0550692E7814CA0062CBE7 /* Exceptions for "Winkkk" folder in "Winkkk" target */,
			);
			path = Winkkk;
			sourceTree = "<group>";
		};
		5E0550112E77FAEA0062CBE7 /* WinkkkTests */ = {
			isa = PBXFileSystemSynchronizedRootGroup;
			path = WinkkkTests;
			sourceTree = "<group>";
		};
		5E05501B2E77FAEA0062CBE7 /* WinkkkUITests */ = {
			isa = PBXFileSystemSynchronizedRootGroup;
			path = WinkkkUITests;
			sourceTree = "<group>";
		};
/* End PBXFileSystemSynchronizedRootGroup section */

/* Begin PBXFrameworksBuildPhase section */
		5E054FFE2E77FAE90062CBE7 /* Frameworks */ = {
			isa = PBXFrameworksBuildPhase;
			buildActionMask = 2147483647;
			files = (
			);
			runOnlyForDeploymentPostprocessing = 0;
		};
		5E05500B2E77FAEA0062CBE7 /* Frameworks */ = {
			isa = PBXFrameworksBuildPhase;
			buildActionMask = 2147483647;
			files = (
			);
			runOnlyForDeploymentPostprocessing = 0;
		};
		5E0550152E77FAEA0062CBE7 /* Frameworks */ = {
			isa = PBXFrameworksBuildPhase;
			buildActionMask = 2147483647;
			files = (
			);
			runOnlyForDeploymentPostprocessing = 0;
		};
/* End PBXFrameworksBuildPhase section */

/* Begin PBXGroup section */
		5E054FF82E77FAE90062CBE7 = {
			isa = PBXGroup;
			children = (
				5E0550032E77FAE90062CBE7 /* Winkkk */,
				5E0550112E77FAEA0062CBE7 /* WinkkkTests */,
				5E05501B2E77FAEA0062CBE7 /* WinkkkUITests */,
				5E0550022E77FAE90062CBE7 /* Products */,
			);
			sourceTree = "<group>";
		};
		5E0550022E77FAE90062CBE7 /* Products */ = {
			isa = PBXGroup;
			children = (
				5E0550012E77FAE90062CBE7 /* Winkkk.app */,
				5E05500E2E77FAEA0062CBE7 /* WinkkkTests.xctest */,
				5E0550182E77FAEA0062CBE7 /* WinkkkUITests.xctest */,
			);
			name = Products;
			sourceTree = "<group>";
		};
/* End PBXGroup section */

/* Begin PBXNativeTarget section */
		5E0550002E77FAE90062CBE7 /* Winkkk */ = {
			isa = PBXNativeTarget;
			buildConfigurationList = 5E0550222E77FAEA0062CBE7 /* Build configuration list for PBXNativeTarget "Winkkk" */;
			buildPhases = (
				5E054FFD2E77FAE90062CBE7 /* Sources */,
				5E054FFE2E77FAE90062CBE7 /* Frameworks */,
				5E054FFF2E77FAE90062CBE7 /* Resources */,
			);
			buildRules = (
			);
			dependencies = (
			);
			fileSystemSynchronizedGroups = (
				5E0550032E77FAE90062CBE7 /* Winkkk */,
			);
			name = Winkkk;
			packageProductDependencies = (
			);
			productName = Winkkk;
			productReference = 5E0550012E77FAE90062CBE7 /* Winkkk.app */;
			productType = "com.apple.product-type.application";
		};
		5E05500D2E77FAEA0062CBE7 /* WinkkkTests */ = {
			isa = PBXNativeTarget;
			buildConfigurationList = 5E0550252E77FAEA0062CBE7 /* Build configuration list for PBXNativeTarget "WinkkkTests" */;
			buildPhases = (
				5E05500A2E77FAEA0062CBE7 /* Sources */,
				5E05500B2E77FAEA0062CBE7 /* Frameworks */,
				5E05500C2E77FAEA0062CBE7 /* Resources */,
			);
			buildRules = (
			);
			dependencies = (
				5E0550102E77FAEA0062CBE7 /* PBXTargetDependency */,
			);
			fileSystemSynchronizedGroups = (
				5E0550112E77FAEA0062CBE7 /* WinkkkTests */,
			);
			name = WinkkkTests;
			packageProductDependencies = (
			);
			productName = WinkkkTests;
			productReference = 5E05500E2E77FAEA0062CBE7 /* WinkkkTests.xctest */;
			productType = "com.apple.product-type.bundle.unit-test";
		};
		5E0550172E77FAEA0062CBE7 /* WinkkkUITests */ = {
			isa = PBXNativeTarget;
			buildConfigurationList = 5E0550282E77FAEA0062CBE7 /* Build configuration list for PBXNativeTarget "WinkkkUITests" */;
			buildPhases = (
				5E0550142E77FAEA0062CBE7 /* Sources */,
				5E0550152E77FAEA0062CBE7 /* Frameworks */,
				5E0550162E77FAEA0062CBE7 /* Resources */,
			);
			buildRules = (
			);
			dependencies = (
				5E05501A2E77FAEA0062CBE7 /* PBXTargetDependency */,
			);
			fileSystemSynchronizedGroups = (
				5E05501B2E77FAEA0062CBE7 /* WinkkkUITests */,
			);
			name = WinkkkUITests;
			packageProductDependencies = (
			);
			productName = WinkkkUITests;
			productReference = 5E0550182E77FAEA0062CBE7 /* WinkkkUITests.xctest */;
			productType = "com.apple.product-type.bundle.ui-testing";
		};
/* End PBXNativeTarget section */

/* Begin PBXProject section */
		5E054FF92E77FAE90062CBE7 /* Project object */ = {
			isa = PBXProject;
			attributes = {
				BuildIndependentTargetsInParallel = 1;
				LastSwiftUpdateCheck = 1640;
				LastUpgradeCheck = 1640;
				TargetAttributes = {
					5E0550002E77FAE90062CBE7 = {
						CreatedOnToolsVersion = 16.4;
					};
					5E05500D2E77FAEA0062CBE7 = {
						CreatedOnToolsVersion = 16.4;
						TestTargetID = 5E0550002E77FAE90062CBE7;
					};
					5E0550172E77FAEA0062CBE7 = {
						CreatedOnToolsVersion = 16.4;
						TestTargetID = 5E0550002E77FAE90062CBE7;
					};
				};
			};
			buildConfigurationList = 5E054FFC2E77FAE90062CBE7 /* Build configuration list for PBXProject "Winkkk" */;
			developmentRegion = en;
			hasScannedForEncodings = 0;
			knownRegions = (
				en,
				Base,
			);
			mainGroup = 5E054FF82E77FAE90062CBE7;
			minimizedProjectReferenceProxies = 1;
			preferredProjectObjectVersion = 77;
			productRefGroup = 5E0550022E77FAE90062CBE7 /* Products */;
			projectDirPath = "";
			projectRoot = "";
			targets = (
				5E0550002E77FAE90062CBE7 /* Winkkk */,
				5E05500D2E77FAEA0062CBE7 /* WinkkkTests */,
				5E0550172E77FAEA0062CBE7 /* WinkkkUITests */,
			);
		};
/* End PBXProject section */

/* Begin PBXResourcesBuildPhase section */
		5E054FFF2E77FAE90062CBE7 /* Resources */ = {
			isa = PBXResourcesBuildPhase;
			buildActionMask = 2147483647;
			files = (
			);
			runOnlyForDeploymentPostprocessing = 0;
		};
		5E05500C2E77FAEA0062CBE7 /* Resources */ = {
			isa = PBXResourcesBuildPhase;
			buildActionMask = 2147483647;
			files = (
			);
			runOnlyForDeploymentPostprocessing = 0;
		};
		5E0550162E77FAEA0062CBE7 /* Resources */ = {
			isa = PBXResourcesBuildPhase;
			buildActionMask = 2147483647;
			files = (
			);
			runOnlyForDeploymentPostprocessing = 0;
		};
/* End PBXResourcesBuildPhase section */

/* Begin PBXSourcesBuildPhase section */
		5E054FFD2E77FAE90062CBE7 /* Sources */ = {
			isa = PBXSourcesBuildPhase;
			buildActionMask = 2147483647;
			files = (
			);
			runOnlyForDeploymentPostprocessing = 0;
		};
		5E05500A2E77FAEA0062CBE7 /* Sources */ = {
			isa = PBXSourcesBuildPhase;
			buildActionMask = 2147483647;
			files = (
			);
			runOnlyForDeploymentPostprocessing = 0;
		};
		5E0550142E77FAEA0062CBE7 /* Sources */ = {
			isa = PBXSourcesBuildPhase;
			buildActionMask = 2147483647;
			files = (
			);
			runOnlyForDeploymentPostprocessing = 0;
		};
/* End PBXSourcesBuildPhase section */

/* Begin PBXTargetDependency section */
		5E0550102E77FAEA0062CBE7 /* PBXTargetDependency */ = {
			isa = PBXTargetDependency;
			target = 5E0550002E77FAE90062CBE7 /* Winkkk */;
			targetProxy = 5E05500F2E77FAEA0062CBE7 /* PBXContainerItemProxy */;
		};
		5E05501A2E77FAEA0062CBE7 /* PBXTargetDependency */ = {
			isa = PBXTargetDependency;
			target = 5E0550002E77FAE90062CBE7 /* Winkkk */;
			targetProxy = 5E0550192E77FAEA0062CBE7 /* PBXContainerItemProxy */;
		};
/* End PBXTargetDependency section */

/* Begin XCBuildConfiguration section */
		5E0550202E77FAEA0062CBE7 /* Debug */ = {
			isa = XCBuildConfiguration;
			buildSettings = {
				ALWAYS_SEARCH_USER_PATHS = NO;
				ASSETCATALOG_COMPILER_GENERATE_SWIFT_ASSET_SYMBOL_EXTENSIONS = YES;
				CLANG_ANALYZER_NONNULL = YES;
				CLANG_ANALYZER_NUMBER_OBJECT_CONVERSION = YES_AGGRESSIVE;
				CLANG_CXX_LANGUAGE_STANDARD = "gnu++20";
				CLANG_ENABLE_MODULES = YES;
				CLANG_ENABLE_OBJC_ARC = YES;
				CLANG_ENABLE_OBJC_WEAK = YES;
				CLANG_WARN_BLOCK_CAPTURE_AUTORELEASING = YES;
				CLANG_WARN_BOOL_CONVERSION = YES;
				CLANG_WARN_COMMA = YES;
				CLANG_WARN_CONSTANT_CONVERSION = YES;
				CLANG_WARN_DEPRECATED_OBJC_IMPLEMENTATIONS = YES;
				CLANG_WARN_DIRECT_OBJC_ISA_USAGE = YES_ERROR;
				CLANG_WARN_DOCUMENTATION_COMMENTS = YES;
				CLANG_WARN_EMPTY_BODY = YES;
				CLANG_WARN_ENUM_CONVERSION = YES;
				CLANG_WARN_INFINITE_RECURSION = YES;
				CLANG_WARN_INT_CONVERSION = YES;
				CLANG_WARN_NON_LITERAL_NULL_CONVERSION = YES;
				CLANG_WARN_OBJC_IMPLICIT_RETAIN_SELF = YES;
				CLANG_WARN_OBJC_LITERAL_CONVERSION = YES;
				CLANG_WARN_OBJC_ROOT_CLASS = YES_ERROR;
				CLANG_WARN_QUOTED_INCLUDE_IN_FRAMEWORK_HEADER = YES;
				CLANG_WARN_RANGE_LOOP_ANALYSIS = YES;
				CLANG_WARN_STRICT_PROTOTYPES = YES;
				CLANG_WARN_SUSPICIOUS_MOVE = YES;
				CLANG_WARN_UNGUARDED_AVAILABILITY = YES_AGGRESSIVE;
				CLANG_WARN_UNREACHABLE_CODE = YES;
				CLANG_WARN__DUPLICATE_METHOD_MATCH = YES;
				COPY_PHASE_STRIP = NO;
				DEBUG_INFORMATION_FORMAT = dwarf;
				DEVELOPMENT_TEAM = 9PKXWA95RF;
				ENABLE_STRICT_OBJC_MSGSEND = YES;
				ENABLE_TESTABILITY = YES;
				ENABLE_USER_SCRIPT_SANDBOXING = YES;
				GCC_C_LANGUAGE_STANDARD = gnu17;
				GCC_DYNAMIC_NO_PIC = NO;
				GCC_NO_COMMON_BLOCKS = YES;
				GCC_OPTIMIZATION_LEVEL = 0;
				GCC_PREPROCESSOR_DEFINITIONS = (
					"DEBUG=1",
					"$(inherited)",
				);
				GCC_WARN_64_TO_32_BIT_CONVERSION = YES;
				GCC_WARN_ABOUT_RETURN_TYPE = YES_ERROR;
				GCC_WARN_UNDECLARED_SELECTOR = YES;
				GCC_WARN_UNINITIALIZED_AUTOS = YES_AGGRESSIVE;
				GCC_WARN_UNUSED_FUNCTION = YES;
				GCC_WARN_UNUSED_VARIABLE = YES;
				IPHONEOS_DEPLOYMENT_TARGET = 18.5;
				LOCALIZATION_PREFERS_STRING_CATALOGS = YES;
				MTL_ENABLE_DEBUG_INFO = INCLUDE_SOURCE;
				MTL_FAST_MATH = YES;
				ONLY_ACTIVE_ARCH = YES;
				SDKROOT = iphoneos;
				SWIFT_ACTIVE_COMPILATION_CONDITIONS = "DEBUG $(inherited)";
				SWIFT_OPTIMIZATION_LEVEL = "-Onone";
			};
			name = Debug;
		};
		5E0550212E77FAEA0062CBE7 /* Release */ = {
			isa = XCBuildConfiguration;
			buildSettings = {
				ALWAYS_SEARCH_USER_PATHS = NO;
				ASSETCATALOG_COMPILER_GENERATE_SWIFT_ASSET_SYMBOL_EXTENSIONS = YES;
				CLANG_ANALYZER_NONNULL = YES;
				CLANG_ANALYZER_NUMBER_OBJECT_CONVERSION = YES_AGGRESSIVE;
				CLANG_CXX_LANGUAGE_STANDARD = "gnu++20";
				CLANG_ENABLE_MODULES = YES;
				CLANG_ENABLE_OBJC_ARC = YES;
				CLANG_ENABLE_OBJC_WEAK = YES;
				CLANG_WARN_BLOCK_CAPTURE_AUTORELEASING = YES;
				CLANG_WARN_BOOL_CONVERSION = YES;
				CLANG_WARN_COMMA = YES;
				CLANG_WARN_CONSTANT_CONVERSION = YES;
				CLANG_WARN_DEPRECATED_OBJC_IMPLEMENTATIONS = YES;
				CLANG_WARN_DIRECT_OBJC_ISA_USAGE = YES_ERROR;
				CLANG_WARN_DOCUMENTATION_COMMENTS = YES;
				CLANG_WARN_EMPTY_BODY = YES;
				CLANG_WARN_ENUM_CONVERSION = YES;
				CLANG_WARN_INFINITE_RECURSION = YES;
				CLANG_WARN_INT_CONVERSION = YES;
				CLANG_WARN_NON_LITERAL_NULL_CONVERSION = YES;
				CLANG_WARN_OBJC_IMPLICIT_RETAIN_SELF = YES;
				CLANG_WARN_OBJC_LITERAL_CONVERSION = YES;
				CLANG_WARN_OBJC_ROOT_CLASS = YES_ERROR;
				CLANG_WARN_QUOTED_INCLUDE_IN_FRAMEWORK_HEADER = YES;
				CLANG_WARN_RANGE_LOOP_ANALYSIS = YES;
				CLANG_WARN_STRICT_PROTOTYPES = YES;
				CLANG_WARN_SUSPICIOUS_MOVE = YES;
				CLANG_WARN_UNGUARDED_AVAILABILITY = YES_AGGRESSIVE;
				CLANG_WARN_UNREACHABLE_CODE = YES;
				CLANG_WARN__DUPLICATE_METHOD_MATCH = YES;
				COPY_PHASE_STRIP = NO;
				DEBUG_INFORMATION_FORMAT = "dwarf-with-dsym";
				DEVELOPMENT_TEAM = 9PKXWA95RF;
				ENABLE_NS_ASSERTIONS = NO;
				ENABLE_STRICT_OBJC_MSGSEND = YES;
				ENABLE_USER_SCRIPT_SANDBOXING = YES;
				GCC_C_LANGUAGE_STANDARD = gnu17;
				GCC_NO_COMMON_BLOCKS = YES;
				GCC_WARN_64_TO_32_BIT_CONVERSION = YES;
				GCC_WARN_ABOUT_RETURN_TYPE = YES_ERROR;
				GCC_WARN_UNDECLARED_SELECTOR = YES;
				GCC_WARN_UNINITIALIZED_AUTOS = YES_AGGRESSIVE;
				GCC_WARN_UNUSED_FUNCTION = YES;
				GCC_WARN_UNUSED_VARIABLE = YES;
				IPHONEOS_DEPLOYMENT_TARGET = 18.5;
				LOCALIZATION_PREFERS_STRING_CATALOGS = YES;
				MTL_ENABLE_DEBUG_INFO = NO;
				MTL_FAST_MATH = YES;
				SDKROOT = iphoneos;
				SWIFT_COMPILATION_MODE = wholemodule;
				VALIDATE_PRODUCT = YES;
			};
			name = Release;
		};
		5E0550232E77FAEA0062CBE7 /* Debug */ = {
			isa = XCBuildConfiguration;
			buildSettings = {
				ASSETCATALOG_COMPILER_APPICON_NAME = AppIcon;
				ASSETCATALOG_COMPILER_GLOBAL_ACCENT_COLOR_NAME = AccentColor;
				CODE_SIGN_STYLE = Automatic;
				CURRENT_PROJECT_VERSION = 1;
				DEVELOPMENT_TEAM = 9PKXWA95RF;
				ENABLE_PREVIEWS = YES;
				GENERATE_INFOPLIST_FILE = YES;
				INFOPLIST_KEY_UIApplicationSceneManifest_Generation = YES;
				INFOPLIST_KEY_UIApplicationSupportsIndirectInputEvents = YES;
				INFOPLIST_KEY_UILaunchScreen_Generation = YES;
				INFOPLIST_KEY_UISupportedInterfaceOrientations_iPad = "UIInterfaceOrientationPortrait UIInterfaceOrientationPortraitUpsideDown UIInterfaceOrientationLandscapeLeft UIInterfaceOrientationLandscapeRight";
				INFOPLIST_KEY_UISupportedInterfaceOrientations_iPhone = "UIInterfaceOrientationPortrait UIInterfaceOrientationLandscapeLeft UIInterfaceOrientationLandscapeRight";
				LD_RUNPATH_SEARCH_PATHS = (
					"$(inherited)",
					"@executable_path/Frameworks",
				);
				MARKETING_VERSION = 1.0;
				PRODUCT_BUNDLE_IDENTIFIER = com.UI.Winkkk;
				PRODUCT_NAME = "$(TARGET_NAME)";
				SWIFT_EMIT_LOC_STRINGS = YES;
				SWIFT_VERSION = 5.0;
				TARGETED_DEVICE_FAMILY = "1,2";
			};
			name = Debug;
		};
		5E0550242E77FAEA0062CBE7 /* Release */ = {
			isa = XCBuildConfiguration;
			buildSettings = {
				ASSETCATALOG_COMPILER_APPICON_NAME = AppIcon;
				ASSETCATALOG_COMPILER_GLOBAL_ACCENT_COLOR_NAME = AccentColor;
				CODE_SIGN_STYLE = Automatic;
				CURRENT_PROJECT_VERSION = 1;
				DEVELOPMENT_TEAM = 9PKXWA95RF;
				ENABLE_PREVIEWS = YES;
				GENERATE_INFOPLIST_FILE = YES;
				INFOPLIST_KEY_UIApplicationSceneManifest_Generation = YES;
				INFOPLIST_KEY_UIApplicationSupportsIndirectInputEvents = YES;
				INFOPLIST_KEY_UILaunchScreen_Generation = YES;
				INFOPLIST_KEY_UISupportedInterfaceOrientations_iPad = "UIInterfaceOrientationPortrait UIInterfaceOrientationPortraitUpsideDown UIInterfaceOrientationLandscapeLeft UIInterfaceOrientationLandscapeRight";
				INFOPLIST_KEY_UISupportedInterfaceOrientations_iPhone = "UIInterfaceOrientationPortrait UIInterfaceOrientationLandscapeLeft UIInterfaceOrientationLandscapeRight";
				LD_RUNPATH_SEARCH_PATHS = (
					"$(inherited)",
					"@executable_path/Frameworks",
				);
				MARKETING_VERSION = 1.0;
				PRODUCT_BUNDLE_IDENTIFIER = com.UI.Winkkk;
				PRODUCT_NAME = "$(TARGET_NAME)";
				SWIFT_EMIT_LOC_STRINGS = YES;
				SWIFT_VERSION = 5.0;
				TARGETED_DEVICE_FAMILY = "1,2";
			};
			name = Release;
		};
		5E0550262E77FAEA0062CBE7 /* Debug */ = {
			isa = XCBuildConfiguration;
			buildSettings = {
				BUNDLE_LOADER = "$(TEST_HOST)";
				CODE_SIGN_STYLE = Automatic;
				CURRENT_PROJECT_VERSION = 1;
				DEVELOPMENT_TEAM = 9PKXWA95RF;
				GENERATE_INFOPLIST_FILE = YES;
				IPHONEOS_DEPLOYMENT_TARGET = 18.5;
				MARKETING_VERSION = 1.0;
				PRODUCT_BUNDLE_IDENTIFIER = com.UI.WinkkkTests;
				PRODUCT_NAME = "$(TARGET_NAME)";
				SWIFT_EMIT_LOC_STRINGS = NO;
				SWIFT_VERSION = 5.0;
				TARGETED_DEVICE_FAMILY = "1,2";
				TEST_HOST = "$(BUILT_PRODUCTS_DIR)/Winkkk.app/$(BUNDLE_EXECUTABLE_FOLDER_PATH)/Winkkk";
			};
			name = Debug;
		};
		5E0550272E77FAEA0062CBE7 /* Release */ = {
			isa = XCBuildConfiguration;
			buildSettings = {
				BUNDLE_LOADER = "$(TEST_HOST)";
				CODE_SIGN_STYLE = Automatic;
				CURRENT_PROJECT_VERSION = 1;
				DEVELOPMENT_TEAM = 9PKXWA95RF;
				GENERATE_INFOPLIST_FILE = YES;
				IPHONEOS_DEPLOYMENT_TARGET = 18.5;
				MARKETING_VERSION = 1.0;
				PRODUCT_BUNDLE_IDENTIFIER = com.UI.WinkkkTests;
				PRODUCT_NAME = "$(TARGET_NAME)";
				SWIFT_EMIT_LOC_STRINGS = NO;
				SWIFT_VERSION = 5.0;
				TARGETED_DEVICE_FAMILY = "1,2";
				TEST_HOST = "$(BUILT_PRODUCTS_DIR)/Winkkk.app/$(BUNDLE_EXECUTABLE_FOLDER_PATH)/Winkkk";
			};
			name = Release;
		};
		5E0550292E77FAEA0062CBE7 /* Debug */ = {
			isa = XCBuildConfiguration;
			buildSettings = {
				CODE_SIGN_STYLE = Automatic;
				CURRENT_PROJECT_VERSION = 1;
				DEVELOPMENT_TEAM = 9PKXWA95RF;
				GENERATE_INFOPLIST_FILE = YES;
				MARKETING_VERSION = 1.0;
				PRODUCT_BUNDLE_IDENTIFIER = com.UI.WinkkkUITests;
				PRODUCT_NAME = "$(TARGET_NAME)";
				SWIFT_EMIT_LOC_STRINGS = NO;
				SWIFT_VERSION = 5.0;
				TARGETED_DEVICE_FAMILY = "1,2";
				TEST_TARGET_NAME = Winkkk;
			};
			name = Debug;
		};
		5E05502A2E77FAEA0062CBE7 /* Release */ = {
			isa = XCBuildConfiguration;
			buildSettings = {
				CODE_SIGN_STYLE = Automatic;
				CURRENT_PROJECT_VERSION = 1;
				DEVELOPMENT_TEAM = 9PKXWA95RF;
				GENERATE_INFOPLIST_FILE = YES;
				MARKETING_VERSION = 1.0;
				PRODUCT_BUNDLE_IDENTIFIER = com.UI.WinkkkUITests;
				PRODUCT_NAME = "$(TARGET_NAME)";
				SWIFT_EMIT_LOC_STRINGS = NO;
				SWIFT_VERSION = 5.0;
				TARGETED_DEVICE_FAMILY = "1,2";
				TEST_TARGET_NAME = Winkkk;
			};
			name = Release;
		};
/* End XCBuildConfiguration section */

/* Begin XCConfigurationList section */
		5E054FFC2E77FAE90062CBE7 /* Build configuration list for PBXProject "Winkkk" */ = {
			isa = XCConfigurationList;
			buildConfigurations = (
				5E0550202E77FAEA0062CBE7 /* Debug */,
				5E0550212E77FAEA0062CBE7 /* Release */,
			);
			defaultConfigurationIsVisible = 0;
			defaultConfigurationName = Release;
		};
		5E0550222E77FAEA0062CBE7 /* Build configuration list for PBXNativeTarget "Winkkk" */ = {
			isa = XCConfigurationList;
			buildConfigurations = (
				5E0550232E77FAEA0062CBE7 /* Debug */,
				5E0550242E77FAEA0062CBE7 /* Release */,
			);
			defaultConfigurationIsVisible = 0;
			defaultConfigurationName = Release;
		};
		5E0550252E77FAEA0062CBE7 /* Build configuration list for PBXNativeTarget "WinkkkTests" */ = {
			isa = XCConfigurationList;
			buildConfigurations = (
				5E0550262E77FAEA0062CBE7 /* Debug */,
				5E0550272E77FAEA0062CBE7 /* Release */,
			);
			defaultConfigurationIsVisible = 0;
			defaultConfigurationName = Release;
		};
		5E0550282E77FAEA0062CBE7 /* Build configuration list for PBXNativeTarget "WinkkkUITests" */ = {
			isa = XCConfigurationList;
			buildConfigurations = (
				5E0550292E77FAEA0062CBE7 /* Debug */,
				5E05502A2E77FAEA0062CBE7 /* Release */,
			);
			defaultConfigurationIsVisible = 0;
			defaultConfigurationName = Release;
		};
/* End XCConfigurationList section */
	};
	rootObject = 5E054FF92E77FAE90062CBE7 /* Project object */;
}
